
Microsoft Visual Studio Solution File, Format Version 12.00
# Visual Studio Version 17
VisualStudioVersion = 17.0.31903.59
MinimumVisualStudioVersion = 10.0.40219.1
Project("{FAE04EC0-301F-11D3-BF4B-00C04F79EFBC}") = "API", "API\API.csproj", "{5D96232D-ABCA-4807-8423-8035DB1DE501}"
EndProject
Project("{FAE04EC0-301F-11D3-BF4B-00C04F79EFBC}") = "Core", "Core\Core.csproj", "{B7084F87-7D0A-498C-B6F9-7B5BC504BA45}"
EndProject
Project("{FAE04EC0-301F-11D3-BF4B-00C04F79EFBC}") = "Infrastructure", "Infrastructure\Infrastructure.csproj", "{4D1723DC-6C06-4C41-A6D7-01C26AAFCAB8}"
EndProject
Global
	GlobalSection(SolutionConfigurationPlatforms) = preSolution
		Debug|Any CPU = Debug|Any CPU
		Release|Any CPU = Release|Any CPU
	EndGlobalSection
	GlobalSection(ProjectConfigurationPlatforms) = postSolution
		{5D96232D-ABCA-4807-8423-8035DB1DE501}.Debug|Any CPU.ActiveCfg = Debug|Any CPU
		{5D96232D-ABCA-4807-8423-8035DB1DE501}.Debug|Any CPU.Build.0 = Debug|Any CPU
		{5D96232D-ABCA-4807-8423-8035DB1DE501}.Release|Any CPU.ActiveCfg = Release|Any CPU
		{5D96232D-ABCA-4807-8423-8035DB1DE501}.Release|Any CPU.Build.0 = Release|Any CPU
		{B7084F87-7D0A-498C-B6F9-7B5BC504BA45}.Debug|Any CPU.ActiveCfg = Debug|Any CPU
		{B7084F87-7D0A-498C-B6F9-7B5BC504BA45}.Debug|Any CPU.Build.0 = Debug|Any CPU
		{B7084F87-7D0A-498C-B6F9-7B5BC504BA45}.Release|Any CPU.ActiveCfg = Release|Any CPU
		{B7084F87-7D0A-498C-B6F9-7B5BC504BA45}.Release|Any CPU.Build.0 = Release|Any CPU
		{4D1723DC-6C06-4C41-A6D7-01C26AAFCAB8}.Debug|Any CPU.ActiveCfg = Debug|Any CPU
		{4D1723DC-6C06-4C41-A6D7-01C26AAFCAB8}.Debug|Any CPU.Build.0 = Debug|Any CPU
		{4D1723DC-6C06-4C41-A6D7-01C26AAFCAB8}.Release|Any CPU.ActiveCfg = Release|Any CPU
		{4D1723DC-6C06-4C41-A6D7-01C26AAFCAB8}.Release|Any CPU.Build.0 = Release|Any CPU
	EndGlobalSection
	GlobalSection(SolutionProperties) = preSolution
		HideSolutionNode = FALSE
	EndGlobalSection
	GlobalSection(ExtensibilityGlobals) = postSolution
		SolutionGuid = {F775AD2E-6B4E-4101-97FC-AD3446DC2DC8}
	EndGlobalSection
EndGlobal
